
Microsoft Visual Studio Solution File, Format Version 12.00
# Visual Studio Express 2012 for Windows Phone
Project("{FAE04EC0-301F-11D3-BF4B-00C04F79EFBC}") = "gamedemo", "gamedemo\gamedemo.csproj", "{E5C5888A-3540-497E-8B4B-2489F9A606D1}"
EndProject
Global
	GlobalSection(SolutionConfigurationPlatforms) = preSolution
		Debug|ARM = Debug|ARM
		Debug|x86 = Debug|x86
		Release|ARM = Release|ARM
		Release|x86 = Release|x86
	EndGlobalSection
	GlobalSection(ProjectConfigurationPlatforms) = postSolution
		{E5C5888A-3540-497E-8B4B-2489F9A606D1}.Debug|ARM.ActiveCfg = Debug|ARM
		{E5C5888A-3540-497E-8B4B-2489F9A606D1}.Debug|ARM.Build.0 = Debug|ARM
		{E5C5888A-3540-497E-8B4B-2489F9A606D1}.Debug|ARM.Deploy.0 = Debug|ARM
		{E5C5888A-3540-497E-8B4B-2489F9A606D1}.Debug|x86.ActiveCfg = Debug|ARM
		{E5C5888A-3540-497E-8B4B-2489F9A606D1}.Debug|x86.Build.0 = Debug|ARM
		{E5C5888A-3540-497E-8B4B-2489F9A606D1}.Debug|x86.Deploy.0 = Debug|ARM
		{E5C5888A-3540-497E-8B4B-2489F9A606D1}.Release|ARM.ActiveCfg = Release|ARM
		{E5C5888A-3540-497E-8B4B-2489F9A606D1}.Release|ARM.Build.0 = Release|ARM
		{E5C5888A-3540-497E-8B4B-2489F9A606D1}.Release|ARM.Deploy.0 = Release|ARM
		{E5C5888A-3540-497E-8B4B-2489F9A606D1}.Release|x86.ActiveCfg = Release|x86
		{E5C5888A-3540-497E-8B4B-2489F9A606D1}.Release|x86.Build.0 = Release|x86
		{E5C5888A-3540-497E-8B4B-2489F9A606D1}.Release|x86.Deploy.0 = Release|x86
	EndGlobalSection
	GlobalSection(SolutionProperties) = preSolution
		HideSolutionNode = FALSE
	EndGlobalSection
EndGlobal
